
Microsoft Visual Studio Solution File, Format Version 12.00
# Visual Studio Version 16
VisualStudioVersion = 16.0.29509.3
MinimumVisualStudioVersion = 10.0.40219.1
Project("{FAE04EC0-301F-11D3-BF4B-00C04F79EFBC}") = "ElasticSearchAPI", "ElasticSearchAPI\ElasticSearchAPI.csproj", "{6A3402F1-31D2-44E3-B4C7-FCE57F99FF5E}"
EndProject
Global
	GlobalSection(SolutionConfigurationPlatforms) = preSolution
		Debug|Any CPU = Debug|Any CPU
		Release|Any CPU = Release|Any CPU
	EndGlobalSection
	GlobalSection(ProjectConfigurationPlatforms) = postSolution
		{6A3402F1-31D2-44E3-B4C7-FCE57F99FF5E}.Debug|Any CPU.ActiveCfg = Debug|Any CPU
		{6A3402F1-31D2-44E3-B4C7-FCE57F99FF5E}.Debug|Any CPU.Build.0 = Debug|Any CPU
		{6A3402F1-31D2-44E3-B4C7-FCE57F99FF5E}.Release|Any CPU.ActiveCfg = Release|Any CPU
		{6A3402F1-31D2-44E3-B4C7-FCE57F99FF5E}.Release|Any CPU.Build.0 = Release|Any CPU
	EndGlobalSection
	GlobalSection(SolutionProperties) = preSolution
		HideSolutionNode = FALSE
	EndGlobalSection
	GlobalSection(ExtensibilityGlobals) = postSolution
		SolutionGuid = {FBE2B02D-E319-4C7C-9207-915F3EE5719D}
	EndGlobalSection
EndGlobal
